
Microsoft Visual Studio Solution File, Format Version 12.00
# Visual Studio Version 16
VisualStudioVersion = 16.0.29806.167
MinimumVisualStudioVersion = 10.0.40219.1
Project("{FAE04EC0-301F-11D3-BF4B-00C04F79EFBC}") = "sy1-4", "sy1-4.csproj", "{EA3224FC-931C-4D32-AC23-57FF8A3A72DC}"
EndProject
Global
	GlobalSection(SolutionConfigurationPlatforms) = preSolution
		Debug|Any CPU = Debug|Any CPU
		Release|Any CPU = Release|Any CPU
	EndGlobalSection
	GlobalSection(ProjectConfigurationPlatforms) = postSolution
		{EA3224FC-931C-4D32-AC23-57FF8A3A72DC}.Debug|Any CPU.ActiveCfg = Debug|Any CPU
		{EA3224FC-931C-4D32-AC23-57FF8A3A72DC}.Debug|Any CPU.Build.0 = Debug|Any CPU
		{EA3224FC-931C-4D32-AC23-57FF8A3A72DC}.Release|Any CPU.ActiveCfg = Release|Any CPU
		{EA3224FC-931C-4D32-AC23-57FF8A3A72DC}.Release|Any CPU.Build.0 = Release|Any CPU
	EndGlobalSection
	GlobalSection(SolutionProperties) = preSolution
		HideSolutionNode = FALSE
	EndGlobalSection
	GlobalSection(ExtensibilityGlobals) = postSolution
		SolutionGuid = {0F941339-5056-4A6E-A920-69ACE751DDEF}
	EndGlobalSection
EndGlobal
