
Microsoft Visual Studio Solution File, Format Version 12.00
# Visual Studio Version 16
VisualStudioVersion = 16.0.29806.167
MinimumVisualStudioVersion = 10.0.40219.1
Project("{FAE04EC0-301F-11D3-BF4B-00C04F79EFBC}") = "sy1-5", "sy1-5.csproj", "{BFB0F35C-31FD-43B7-A271-A1F6B9739119}"
EndProject
Global
	GlobalSection(SolutionConfigurationPlatforms) = preSolution
		Debug|Any CPU = Debug|Any CPU
		Release|Any CPU = Release|Any CPU
	EndGlobalSection
	GlobalSection(ProjectConfigurationPlatforms) = postSolution
		{BFB0F35C-31FD-43B7-A271-A1F6B9739119}.Debug|Any CPU.ActiveCfg = Debug|Any CPU
		{BFB0F35C-31FD-43B7-A271-A1F6B9739119}.Debug|Any CPU.Build.0 = Debug|Any CPU
		{BFB0F35C-31FD-43B7-A271-A1F6B9739119}.Release|Any CPU.ActiveCfg = Release|Any CPU
		{BFB0F35C-31FD-43B7-A271-A1F6B9739119}.Release|Any CPU.Build.0 = Release|Any CPU
	EndGlobalSection
	GlobalSection(SolutionProperties) = preSolution
		HideSolutionNode = FALSE
	EndGlobalSection
	GlobalSection(ExtensibilityGlobals) = postSolution
		SolutionGuid = {AB2BE8AA-FBC1-47A8-AC6C-7F481D022171}
	EndGlobalSection
EndGlobal
